
Microsoft Visual Studio Solution File, Format Version 12.00
# Visual Studio 15
Project("{FAE04EC0-301F-11D3-BF4B-00C04F79EFBC}") = "Assembly-CSharp", "Assembly-CSharp.csproj", "{BF314E7B-5731-1C4F-736C-F9F615FB60CE}"
EndProject
Project("{FAE04EC0-301F-11D3-BF4B-00C04F79EFBC}") = "NaughtyAttributes.Core", "NaughtyAttributes.Core.csproj", "{E0F1E5F1-CE08-B493-A9A4-E81A2C9F6154}"
EndProject
Project("{FAE04EC0-301F-11D3-BF4B-00C04F79EFBC}") = "NaughtyAttributes.Editor", "NaughtyAttributes.Editor.csproj", "{A5343B51-F3EF-0815-5F63-894E18343AFF}"
EndProject
Project("{FAE04EC0-301F-11D3-BF4B-00C04F79EFBC}") = "Unity.XR.Interaction.Toolkit.Samples.StarterAssets", "Unity.XR.Interaction.Toolkit.Samples.StarterAssets.csproj", "{82D4AEBC-BB66-EA3E-87B4-92369A836CFB}"
EndProject
Project("{FAE04EC0-301F-11D3-BF4B-00C04F79EFBC}") = "Assembly-CSharp-Editor", "Assembly-CSharp-Editor.csproj", "{1F511936-DBA1-EE1E-A586-8DC94DE5AC98}"
EndProject
Project("{FAE04EC0-301F-11D3-BF4B-00C04F79EFBC}") = "Unity.XR.Interaction.Toolkit.Samples.StarterAssets.Editor", "Unity.XR.Interaction.Toolkit.Samples.StarterAssets.Editor.csproj", "{09450970-7D4A-5B9C-7634-C969E6677559}"
EndProject
Project("{FAE04EC0-301F-11D3-BF4B-00C04F79EFBC}") = "Assembly-CSharp", "Assembly-CSharp.Player.csproj", "{8B143301-C391-C5F6-6C91-0543F7EBC37F}"
EndProject
Project("{FAE04EC0-301F-11D3-BF4B-00C04F79EFBC}") = "NaughtyAttributes.Core", "NaughtyAttributes.Core.Player.csproj", "{1A8E36DC-9321-19D1-A3F0-B35B64CB5372}"
EndProject
Project("{FAE04EC0-301F-11D3-BF4B-00C04F79EFBC}") = "Unity.XR.Interaction.Toolkit.Samples.StarterAssets", "Unity.XR.Interaction.Toolkit.Samples.StarterAssets.Player.csproj", "{652B1411-98A0-CB6A-61C2-FBAA6C439E97}"
EndProject
Global
	GlobalSection(SolutionConfigurationPlatforms) = preSolution
		Debug|Any CPU = Debug|Any CPU
		Release|Any CPU = Release|Any CPU
	EndGlobalSection
	GlobalSection(ProjectConfigurationPlatforms) = postSolution
		{BF314E7B-5731-1C4F-736C-F9F615FB60CE}.Debug|Any CPU.ActiveCfg = Debug|Any CPU
		{BF314E7B-5731-1C4F-736C-F9F615FB60CE}.Debug|Any CPU.Build.0 = Debug|Any CPU
		{BF314E7B-5731-1C4F-736C-F9F615FB60CE}.Release|Any CPU.ActiveCfg = Release|Any CPU
		{BF314E7B-5731-1C4F-736C-F9F615FB60CE}.Release|Any CPU.Build.0 = Release|Any CPU
		{E0F1E5F1-CE08-B493-A9A4-E81A2C9F6154}.Debug|Any CPU.ActiveCfg = Debug|Any CPU
		{E0F1E5F1-CE08-B493-A9A4-E81A2C9F6154}.Debug|Any CPU.Build.0 = Debug|Any CPU
		{E0F1E5F1-CE08-B493-A9A4-E81A2C9F6154}.Release|Any CPU.ActiveCfg = Release|Any CPU
		{E0F1E5F1-CE08-B493-A9A4-E81A2C9F6154}.Release|Any CPU.Build.0 = Release|Any CPU
		{A5343B51-F3EF-0815-5F63-894E18343AFF}.Debug|Any CPU.ActiveCfg = Debug|Any CPU
		{A5343B51-F3EF-0815-5F63-894E18343AFF}.Debug|Any CPU.Build.0 = Debug|Any CPU
		{A5343B51-F3EF-0815-5F63-894E18343AFF}.Release|Any CPU.ActiveCfg = Release|Any CPU
		{A5343B51-F3EF-0815-5F63-894E18343AFF}.Release|Any CPU.Build.0 = Release|Any CPU
		{82D4AEBC-BB66-EA3E-87B4-92369A836CFB}.Debug|Any CPU.ActiveCfg = Debug|Any CPU
		{82D4AEBC-BB66-EA3E-87B4-92369A836CFB}.Debug|Any CPU.Build.0 = Debug|Any CPU
		{82D4AEBC-BB66-EA3E-87B4-92369A836CFB}.Release|Any CPU.ActiveCfg = Release|Any CPU
		{82D4AEBC-BB66-EA3E-87B4-92369A836CFB}.Release|Any CPU.Build.0 = Release|Any CPU
		{1F511936-DBA1-EE1E-A586-8DC94DE5AC98}.Debug|Any CPU.ActiveCfg = Debug|Any CPU
		{1F511936-DBA1-EE1E-A586-8DC94DE5AC98}.Debug|Any CPU.Build.0 = Debug|Any CPU
		{1F511936-DBA1-EE1E-A586-8DC94DE5AC98}.Release|Any CPU.ActiveCfg = Release|Any CPU
		{1F511936-DBA1-EE1E-A586-8DC94DE5AC98}.Release|Any CPU.Build.0 = Release|Any CPU
		{09450970-7D4A-5B9C-7634-C969E6677559}.Debug|Any CPU.ActiveCfg = Debug|Any CPU
		{09450970-7D4A-5B9C-7634-C969E6677559}.Debug|Any CPU.Build.0 = Debug|Any CPU
		{09450970-7D4A-5B9C-7634-C969E6677559}.Release|Any CPU.ActiveCfg = Release|Any CPU
		{09450970-7D4A-5B9C-7634-C969E6677559}.Release|Any CPU.Build.0 = Release|Any CPU
		{8B143301-C391-C5F6-6C91-0543F7EBC37F}.Debug|Any CPU.ActiveCfg = Debug|Any CPU
		{8B143301-C391-C5F6-6C91-0543F7EBC37F}.Debug|Any CPU.Build.0 = Debug|Any CPU
		{8B143301-C391-C5F6-6C91-0543F7EBC37F}.Release|Any CPU.ActiveCfg = Release|Any CPU
		{8B143301-C391-C5F6-6C91-0543F7EBC37F}.Release|Any CPU.Build.0 = Release|Any CPU
		{1A8E36DC-9321-19D1-A3F0-B35B64CB5372}.Debug|Any CPU.ActiveCfg = Debug|Any CPU
		{1A8E36DC-9321-19D1-A3F0-B35B64CB5372}.Debug|Any CPU.Build.0 = Debug|Any CPU
		{1A8E36DC-9321-19D1-A3F0-B35B64CB5372}.Release|Any CPU.ActiveCfg = Release|Any CPU
		{1A8E36DC-9321-19D1-A3F0-B35B64CB5372}.Release|Any CPU.Build.0 = Release|Any CPU
		{652B1411-98A0-CB6A-61C2-FBAA6C439E97}.Debug|Any CPU.ActiveCfg = Debug|Any CPU
		{652B1411-98A0-CB6A-61C2-FBAA6C439E97}.Debug|Any CPU.Build.0 = Debug|Any CPU
		{652B1411-98A0-CB6A-61C2-FBAA6C439E97}.Release|Any CPU.ActiveCfg = Release|Any CPU
		{652B1411-98A0-CB6A-61C2-FBAA6C439E97}.Release|Any CPU.Build.0 = Release|Any CPU
	EndGlobalSection
	GlobalSection(SolutionProperties) = preSolution
		HideSolutionNode = FALSE
	EndGlobalSection
EndGlobal
